# This file is automatically @generated by Cargo.
# It is not intended for manual editing.
version = 3

[[package]]
name = "ab_glyph"
version = "0.2.24"
source = "registry+https://github.com/rust-lang/crates.io-index"
checksum = "8e08104bebc65a46f8bc7aa733d39ea6874bfa7156f41a46b805785e3af1587d"
dependencies = [
 "ab_glyph_rasterizer",
 "owned_ttf_parser",
]

[[package]]
name = "ab_glyph_rasterizer"
version = "0.1.8"
source = "registry+https://github.com/rust-lang/crates.io-index"
checksum = "c71b1793ee61086797f5c80b6efa2b8ffa6d5dd703f118545808a7f2e27f7046"

[[package]]
name = "ahash"
version = "0.7.8"
source = "registry+https://github.com/rust-lang/crates.io-index"
checksum = "891477e0c6a8957309ee5c45a6368af3ae14bb510732d2684ffa19af310920f9"
dependencies = [
 "getrandom",
 "once_cell",
 "version_check",
]

[[package]]
name = "atomic_refcell"
version = "0.1.13"
source = "registry+https://github.com/rust-lang/crates.io-index"
checksum = "41e67cd8309bbd06cd603a9e693a784ac2e5d1e955f11286e355089fcab3047c"

[[package]]
name = "autocfg"
version = "1.2.0"
source = "registry+https://github.com/rust-lang/crates.io-index"
checksum = "f1fdabc7756949593fe60f30ec81974b613357de856987752631dea1e3394c80"

[[package]]
name = "cache"
version = "0.1.0"
dependencies = [
 "egui",
]

[[package]]
name = "cfg-if"
version = "1.0.0"
source = "registry+https://github.com/rust-lang/crates.io-index"
checksum = "baf1de4339761588bc0619e3cbc0120ee582ebb74b53b4efbf79117bd2da40fd"

[[package]]
name = "egui"
version = "0.14.2"
source = "registry+https://github.com/rust-lang/crates.io-index"
checksum = "b403f29d592b5c2267279bfdf2cd3fe3ba0e7a8738d03203a6f1536e8e9d26bd"
dependencies = [
 "epaint",
]

[[package]]
name = "emath"
version = "0.14.0"
source = "registry+https://github.com/rust-lang/crates.io-index"
checksum = "cca5179aa9d15128cebb79bb56dda73a79cc66b402056ff19a992e54b365e15c"

[[package]]
name = "epaint"
version = "0.14.0"
source = "registry+https://github.com/rust-lang/crates.io-index"
checksum = "136e7d88da926182bcfdb8217137dd347dfe5dc03b8988eaba3ef8becf83394a"
dependencies = [
 "ab_glyph",
 "ahash",
 "atomic_refcell",
 "emath",
 "ordered-float",
]

[[package]]
name = "getrandom"
version = "0.2.14"
source = "registry+https://github.com/rust-lang/crates.io-index"
checksum = "94b22e06ecb0110981051723910cbf0b5f5e09a2062dd7663334ee79a9d1286c"
dependencies = [
 "cfg-if",
 "libc",
 "wasi",
]

[[package]]
name = "libc"
version = "0.2.153"
source = "registry+https://github.com/rust-lang/crates.io-index"
checksum = "9c198f91728a82281a64e1f4f9eeb25d82cb32a5de251c6bd1b5154d63a8e7bd"

[[package]]
name = "num-traits"
version = "0.2.18"
source = "registry+https://github.com/rust-lang/crates.io-index"
checksum = "da0df0e5185db44f69b44f26786fe401b6c293d1907744beaa7fa62b2e5a517a"
dependencies = [
 "autocfg",
]

[[package]]
name = "once_cell"
version = "1.19.0"
source = "registry+https://github.com/rust-lang/crates.io-index"
checksum = "3fdb12b2476b595f9358c5161aa467c2438859caa136dec86c26fdd2efe17b92"

[[package]]
name = "ordered-float"
version = "2.10.1"
source = "registry+https://github.com/rust-lang/crates.io-index"
checksum = "68f19d67e5a2795c94e73e0bb1cc1a7edeb2e28efd39e2e1c9b7a40c1108b11c"
dependencies = [
 "num-traits",
]

[[package]]
name = "owned_ttf_parser"
version = "0.20.0"
source = "registry+https://github.com/rust-lang/crates.io-index"
checksum = "d4586edfe4c648c71797a74c84bacb32b52b212eff5dfe2bb9f2c599844023e7"
dependencies = [
 "ttf-parser",
]

[[package]]
name = "ttf-parser"
version = "0.20.0"
source = "registry+https://github.com/rust-lang/crates.io-index"
checksum = "17f77d76d837a7830fe1d4f12b7b4ba4192c1888001c7164257e4bc6d21d96b4"

[[package]]
name = "version_check"
version = "0.9.4"
source = "registry+https://github.com/rust-lang/crates.io-index"
checksum = "49874b5167b65d7193b8aba1567f5c7d93d001cafc34600cee003eda787e483f"

[[package]]
name = "wasi"
version = "0.11.0+wasi-snapshot-preview1"
source = "registry+https://github.com/rust-lang/crates.io-index"
checksum = "9c8d87e72b64a3b4db28d11ce29237c246188f4f51057d65a7eab63b7987e423"
